
Microsoft Visual Studio Solution File, Format Version 12.00
# Visual Studio Version 16
VisualStudioVersion = 16.0.30804.86
MinimumVisualStudioVersion = 10.0.40219.1
Project("{FAE04EC0-301F-11D3-BF4B-00C04F79EFBC}") = "Planetarion", "Planetarion.csproj", "{D30CEA0B-1C3C-4DC6-989F-D1963948800C}"
EndProject
Global
	GlobalSection(SolutionConfigurationPlatforms) = preSolution
		Debug|Any CPU = Debug|Any CPU
		Release|Any CPU = Release|Any CPU
	EndGlobalSection
	GlobalSection(ProjectConfigurationPlatforms) = postSolution
		{D30CEA0B-1C3C-4DC6-989F-D1963948800C}.Debug|Any CPU.ActiveCfg = Debug|Any CPU
		{D30CEA0B-1C3C-4DC6-989F-D1963948800C}.Debug|Any CPU.Build.0 = Debug|Any CPU
		{D30CEA0B-1C3C-4DC6-989F-D1963948800C}.Release|Any CPU.ActiveCfg = Release|Any CPU
		{D30CEA0B-1C3C-4DC6-989F-D1963948800C}.Release|Any CPU.Build.0 = Release|Any CPU
	EndGlobalSection
	GlobalSection(SolutionProperties) = preSolution
		HideSolutionNode = FALSE
	EndGlobalSection
	GlobalSection(ExtensibilityGlobals) = postSolution
		SolutionGuid = {B09A1174-7702-45AB-B773-57FF43969E9B}
	EndGlobalSection
EndGlobal
